// !$*UTF8*$!
{
	archiveVersion = 1;
	classes = {
	};
	objectVersion = 55;
	objects = {

/* Begin PBXBuildFile section */
		1153190184F41A04520FC300 /* Pods_StoreApp.framework in Frameworks */ = {isa = PBXBuildFile; fileRef = E5453D5AA268F39F9A806095 /* Pods_StoreApp.framework */; };
		DE26705B27FB34DD0063A84D /* RegistrationViewController.swift in Sources */ = {isa = PBXBuildFile; fileRef = DE26705A27FB34DD0063A84D /* RegistrationViewController.swift */; };
		DE2B526E27FC7745009F22AB /* Validator.swift in Sources */ = {isa = PBXBuildFile; fileRef = DE2B526D27FC7745009F22AB /* Validator.swift */; };
		DE50B23927EBC0BD0072B3BC /* DetailViewController.swift in Sources */ = {isa = PBXBuildFile; fileRef = DE50B23827EBC0BD0072B3BC /* DetailViewController.swift */; };
		DE57F68727EA6B2C0025A472 /* GoogleService-Info.plist in Resources */ = {isa = PBXBuildFile; fileRef = DE57F68627EA6B2C0025A472 /* GoogleService-Info.plist */; };
		DE8397DF27EFD7400064E2DF /* CoreData.swift in Sources */ = {isa = PBXBuildFile; fileRef = DE8397DE27EFD7400064E2DF /* CoreData.swift */; };
		DEA8FE9B27EA6A0300084595 /* AppDelegate.swift in Sources */ = {isa = PBXBuildFile; fileRef = DEA8FE9A27EA6A0300084595 /* AppDelegate.swift */; };
		DEA8FE9D27EA6A0300084595 /* SceneDelegate.swift in Sources */ = {isa = PBXBuildFile; fileRef = DEA8FE9C27EA6A0300084595 /* SceneDelegate.swift */; };
		DEA8FEA227EA6A0300084595 /* Main.storyboard in Resources */ = {isa = PBXBuildFile; fileRef = DEA8FEA027EA6A0300084595 /* Main.storyboard */; };
		DEA8FEA527EA6A0300084595 /* StoreApp.xcdatamodeld in Sources */ = {isa = PBXBuildFile; fileRef = DEA8FEA327EA6A0300084595 /* StoreApp.xcdatamodeld */; };
		DEA8FEA727EA6A0400084595 /* Assets.xcassets in Resources */ = {isa = PBXBuildFile; fileRef = DEA8FEA627EA6A0400084595 /* Assets.xcassets */; };
		DEA8FEAA27EA6A0400084595 /* LaunchScreen.storyboard in Resources */ = {isa = PBXBuildFile; fileRef = DEA8FEA827EA6A0400084595 /* LaunchScreen.storyboard */; };
		DEBF989427F6761F004DAD4C /* StoreCollectionViewCell.swift in Sources */ = {isa = PBXBuildFile; fileRef = DEBF989327F6761F004DAD4C /* StoreCollectionViewCell.swift */; };
		DEC3F1D727F8C23900EE6572 /* CategoryTableViewCell.swift in Sources */ = {isa = PBXBuildFile; fileRef = DEC3F1D627F8C23900EE6572 /* CategoryTableViewCell.swift */; };
		DEC7719827F9D3F4006DB6D6 /* CategoryVC.swift in Sources */ = {isa = PBXBuildFile; fileRef = DEC7719727F9D3F4006DB6D6 /* CategoryVC.swift */; };
		DEC7719A27F9E8B4006DB6D6 /* SettingsTableViewController.swift in Sources */ = {isa = PBXBuildFile; fileRef = DEC7719927F9E8B4006DB6D6 /* SettingsTableViewController.swift */; };
		DEC7719C27F9EB0C006DB6D6 /* AuthorisationViewController.swift in Sources */ = {isa = PBXBuildFile; fileRef = DEC7719B27F9EB0C006DB6D6 /* AuthorisationViewController.swift */; };
		DEC7719E27F9EB1B006DB6D6 /* WEBViewController.swift in Sources */ = {isa = PBXBuildFile; fileRef = DEC7719D27F9EB1B006DB6D6 /* WEBViewController.swift */; };
		DEC83E6728032C6500ADE83C /* UserInfoChangeViewController.swift in Sources */ = {isa = PBXBuildFile; fileRef = DEC83E6628032C6500ADE83C /* UserInfoChangeViewController.swift */; };
		DEC83E6C2804C5ED00ADE83C /* CartTableViewCell.swift in Sources */ = {isa = PBXBuildFile; fileRef = DEC83E6B2804C5ED00ADE83C /* CartTableViewCell.swift */; };
		DEC83E6E2804C5FE00ADE83C /* CartTableViewController.swift in Sources */ = {isa = PBXBuildFile; fileRef = DEC83E6D2804C5FE00ADE83C /* CartTableViewController.swift */; };
		DEE68AD227ECFD5F00BA6A55 /* StoreCollectionViewController.swift in Sources */ = {isa = PBXBuildFile; fileRef = DEE68AD127ECFD5F00BA6A55 /* StoreCollectionViewController.swift */; };
		DEE68AD627ED096500BA6A55 /* APIManager.swift in Sources */ = {isa = PBXBuildFile; fileRef = DEE68AD527ED096500BA6A55 /* APIManager.swift */; };
		DEE68AD827ED09EC00BA6A55 /* Document.swift in Sources */ = {isa = PBXBuildFile; fileRef = DEE68AD727ED09EC00BA6A55 /* Document.swift */; };
		DEE68ADA27ED0C6400BA6A55 /* AppSettings.swift in Sources */ = {isa = PBXBuildFile; fileRef = DEE68AD927ED0C6400BA6A55 /* AppSettings.swift */; };
/* End PBXBuildFile section */

/* Begin PBXFileReference section */
		1E463D655AC7F74C63862EA3 /* Pods-StoreApp.release.xcconfig */ = {isa = PBXFileReference; includeInIndex = 1; lastKnownFileType = text.xcconfig; name = "Pods-StoreApp.release.xcconfig"; path = "Target Support Files/Pods-StoreApp/Pods-StoreApp.release.xcconfig"; sourceTree = "<group>"; };
		797B9853F2B09805D5F110A6 /* Pods-StoreApp.debug.xcconfig */ = {isa = PBXFileReference; includeInIndex = 1; lastKnownFileType = text.xcconfig; name = "Pods-StoreApp.debug.xcconfig"; path = "Target Support Files/Pods-StoreApp/Pods-StoreApp.debug.xcconfig"; sourceTree = "<group>"; };
		DE26705A27FB34DD0063A84D /* RegistrationViewController.swift */ = {isa = PBXFileReference; lastKnownFileType = sourcecode.swift; path = RegistrationViewController.swift; sourceTree = "<group>"; };
		DE2B526D27FC7745009F22AB /* Validator.swift */ = {isa = PBXFileReference; lastKnownFileType = sourcecode.swift; path = Validator.swift; sourceTree = "<group>"; };
		DE50B23827EBC0BD0072B3BC /* DetailViewController.swift */ = {isa = PBXFileReference; lastKnownFileType = sourcecode.swift; path = DetailViewController.swift; sourceTree = "<group>"; };
		DE57F68627EA6B2C0025A472 /* GoogleService-Info.plist */ = {isa = PBXFileReference; fileEncoding = 4; lastKnownFileType = text.plist.xml; path = "GoogleService-Info.plist"; sourceTree = "<group>"; };
		DE8397DE27EFD7400064E2DF /* CoreData.swift */ = {isa = PBXFileReference; lastKnownFileType = sourcecode.swift; path = CoreData.swift; sourceTree = "<group>"; };
		DEA8FE9727EA6A0300084595 /* StoreApp.app */ = {isa = PBXFileReference; explicitFileType = wrapper.application; includeInIndex = 0; path = StoreApp.app; sourceTree = BUILT_PRODUCTS_DIR; };
		DEA8FE9A27EA6A0300084595 /* AppDelegate.swift */ = {isa = PBXFileReference; lastKnownFileType = sourcecode.swift; path = AppDelegate.swift; sourceTree = "<group>"; };
		DEA8FE9C27EA6A0300084595 /* SceneDelegate.swift */ = {isa = PBXFileReference; lastKnownFileType = sourcecode.swift; path = SceneDelegate.swift; sourceTree = "<group>"; };
		DEA8FEA127EA6A0300084595 /* Base */ = {isa = PBXFileReference; lastKnownFileType = file.storyboard; name = Base; path = Base.lproj/Main.storyboard; sourceTree = "<group>"; };
		DEA8FEA427EA6A0300084595 /* StoreApp.xcdatamodel */ = {isa = PBXFileReference; lastKnownFileType = wrapper.xcdatamodel; path = StoreApp.xcdatamodel; sourceTree = "<group>"; };
		DEA8FEA627EA6A0400084595 /* Assets.xcassets */ = {isa = PBXFileReference; lastKnownFileType = folder.assetcatalog; path = Assets.xcassets; sourceTree = "<group>"; };
		DEA8FEA927EA6A0400084595 /* Base */ = {isa = PBXFileReference; lastKnownFileType = file.storyboard; name = Base; path = Base.lproj/LaunchScreen.storyboard; sourceTree = "<group>"; };
		DEA8FEAB27EA6A0400084595 /* Info.plist */ = {isa = PBXFileReference; lastKnownFileType = text.plist.xml; path = Info.plist; sourceTree = "<group>"; };
		DEBF989327F6761F004DAD4C /* StoreCollectionViewCell.swift */ = {isa = PBXFileReference; lastKnownFileType = sourcecode.swift; path = StoreCollectionViewCell.swift; sourceTree = "<group>"; };
		DEC3F1D627F8C23900EE6572 /* CategoryTableViewCell.swift */ = {isa = PBXFileReference; lastKnownFileType = sourcecode.swift; path = CategoryTableViewCell.swift; sourceTree = "<group>"; };
		DEC7719727F9D3F4006DB6D6 /* CategoryVC.swift */ = {isa = PBXFileReference; lastKnownFileType = sourcecode.swift; path = CategoryVC.swift; sourceTree = "<group>"; };
		DEC7719927F9E8B4006DB6D6 /* SettingsTableViewController.swift */ = {isa = PBXFileReference; lastKnownFileType = sourcecode.swift; path = SettingsTableViewController.swift; sourceTree = "<group>"; };
		DEC7719B27F9EB0C006DB6D6 /* AuthorisationViewController.swift */ = {isa = PBXFileReference; fileEncoding = 4; lastKnownFileType = sourcecode.swift; path = AuthorisationViewController.swift; sourceTree = "<group>"; };
		DEC7719D27F9EB1B006DB6D6 /* WEBViewController.swift */ = {isa = PBXFileReference; fileEncoding = 4; lastKnownFileType = sourcecode.swift; path = WEBViewController.swift; sourceTree = "<group>"; };
		DEC83E6628032C6500ADE83C /* UserInfoChangeViewController.swift */ = {isa = PBXFileReference; lastKnownFileType = sourcecode.swift; path = UserInfoChangeViewController.swift; sourceTree = "<group>"; };
		DEC83E6B2804C5ED00ADE83C /* CartTableViewCell.swift */ = {isa = PBXFileReference; lastKnownFileType = sourcecode.swift; path = CartTableViewCell.swift; sourceTree = "<group>"; };
		DEC83E6D2804C5FE00ADE83C /* CartTableViewController.swift */ = {isa = PBXFileReference; lastKnownFileType = sourcecode.swift; path = CartTableViewController.swift; sourceTree = "<group>"; };
		DEE68AD127ECFD5F00BA6A55 /* StoreCollectionViewController.swift */ = {isa = PBXFileReference; lastKnownFileType = sourcecode.swift; path = StoreCollectionViewController.swift; sourceTree = "<group>"; };
		DEE68AD527ED096500BA6A55 /* APIManager.swift */ = {isa = PBXFileReference; lastKnownFileType = sourcecode.swift; path = APIManager.swift; sourceTree = "<group>"; };
		DEE68AD727ED09EC00BA6A55 /* Document.swift */ = {isa = PBXFileReference; lastKnownFileType = sourcecode.swift; path = Document.swift; sourceTree = "<group>"; };
		DEE68AD927ED0C6400BA6A55 /* AppSettings.swift */ = {isa = PBXFileReference; lastKnownFileType = sourcecode.swift; path = AppSettings.swift; sourceTree = "<group>"; };
		E5453D5AA268F39F9A806095 /* Pods_StoreApp.framework */ = {isa = PBXFileReference; explicitFileType = wrapper.framework; includeInIndex = 0; path = Pods_StoreApp.framework; sourceTree = BUILT_PRODUCTS_DIR; };
/* End PBXFileReference section */

/* Begin PBXFrameworksBuildPhase section */
		DEA8FE9427EA6A0300084595 /* Frameworks */ = {
			isa = PBXFrameworksBuildPhase;
			buildActionMask = 2147483647;
			files = (
				1153190184F41A04520FC300 /* Pods_StoreApp.framework in Frameworks */,
			);
			runOnlyForDeploymentPostprocessing = 0;
		};
/* End PBXFrameworksBuildPhase section */

/* Begin PBXGroup section */
		60D53EF82449B48B300D42EB /* Frameworks */ = {
			isa = PBXGroup;
			children = (
				E5453D5AA268F39F9A806095 /* Pods_StoreApp.framework */,
			);
			name = Frameworks;
			sourceTree = "<group>";
		};
		949C828F170D8083200831B6 /* Pods */ = {
			isa = PBXGroup;
			children = (
				797B9853F2B09805D5F110A6 /* Pods-StoreApp.debug.xcconfig */,
				1E463D655AC7F74C63862EA3 /* Pods-StoreApp.release.xcconfig */,
			);
			path = Pods;
			sourceTree = "<group>";
		};
		DE50B23727EBC0A80072B3BC /* ViewControllers */ = {
			isa = PBXGroup;
			children = (
				DE50B23827EBC0BD0072B3BC /* DetailViewController.swift */,
				DEC83E682804C5C300ADE83C /* CartSet */,
				DEBF989527F67645004DAD4C /* StoreSet */,
				DEC7719F27F9EBCA006DB6D6 /* SettingsSet */,
				DE26705A27FB34DD0063A84D /* RegistrationViewController.swift */,
				DEC7719B27F9EB0C006DB6D6 /* AuthorisationViewController.swift */,
			);
			name = ViewControllers;
			path = ..;
			sourceTree = "<group>";
		};
		DEA8FE8E27EA6A0300084595 = {
			isa = PBXGroup;
			children = (
				DEA8FE9927EA6A0300084595 /* StoreApp */,
				DEA8FE9827EA6A0300084595 /* Products */,
				949C828F170D8083200831B6 /* Pods */,
				60D53EF82449B48B300D42EB /* Frameworks */,
			);
			sourceTree = "<group>";
		};
		DEA8FE9827EA6A0300084595 /* Products */ = {
			isa = PBXGroup;
			children = (
				DEA8FE9727EA6A0300084595 /* StoreApp.app */,
			);
			name = Products;
			sourceTree = "<group>";
		};
		DEA8FE9927EA6A0300084595 /* StoreApp */ = {
			isa = PBXGroup;
			children = (
				DEA8FE9A27EA6A0300084595 /* AppDelegate.swift */,
				DEA8FE9C27EA6A0300084595 /* SceneDelegate.swift */,
				DEE68AD327ED093E00BA6A55 /* Model */,
				DE50B23727EBC0A80072B3BC /* ViewControllers */,
				DEA8FEA027EA6A0300084595 /* Main.storyboard */,
				DE2B526D27FC7745009F22AB /* Validator.swift */,
				DEA8FEA627EA6A0400084595 /* Assets.xcassets */,
				DEA8FEA827EA6A0400084595 /* LaunchScreen.storyboard */,
				DEA8FEAB27EA6A0400084595 /* Info.plist */,
				DE57F68627EA6B2C0025A472 /* GoogleService-Info.plist */,
				DEA8FEA327EA6A0300084595 /* StoreApp.xcdatamodeld */,
			);
			path = StoreApp;
			sourceTree = "<group>";
		};
		DEBF989527F67645004DAD4C /* StoreSet */ = {
			isa = PBXGroup;
			children = (
				DEC3F1D327F8C20D00EE6572 /* CategoryMenu */,
				DEE68AD127ECFD5F00BA6A55 /* StoreCollectionViewController.swift */,
				DEBF989327F6761F004DAD4C /* StoreCollectionViewCell.swift */,
			);
			path = StoreSet;
			sourceTree = "<group>";
		};
		DEBF989627F67BE6004DAD4C /* Local */ = {
			isa = PBXGroup;
			children = (
				DEE68AD927ED0C6400BA6A55 /* AppSettings.swift */,
				DE8397DE27EFD7400064E2DF /* CoreData.swift */,
			);
			path = Local;
			sourceTree = "<group>";
		};
		DEC3F1D327F8C20D00EE6572 /* CategoryMenu */ = {
			isa = PBXGroup;
			children = (
				DEC3F1D627F8C23900EE6572 /* CategoryTableViewCell.swift */,
				DEC7719727F9D3F4006DB6D6 /* CategoryVC.swift */,
			);
			path = CategoryMenu;
			sourceTree = "<group>";
		};
		DEC7719F27F9EBCA006DB6D6 /* SettingsSet */ = {
			isa = PBXGroup;
			children = (
				DEC7719D27F9EB1B006DB6D6 /* WEBViewController.swift */,
				DEC7719927F9E8B4006DB6D6 /* SettingsTableViewController.swift */,
				DEC83E6628032C6500ADE83C /* UserInfoChangeViewController.swift */,
			);
			path = SettingsSet;
			sourceTree = "<group>";
		};
		DEC83E682804C5C300ADE83C /* CartSet */ = {
			isa = PBXGroup;
			children = (
				DEC83E6B2804C5ED00ADE83C /* CartTableViewCell.swift */,
				DEC83E6D2804C5FE00ADE83C /* CartTableViewController.swift */,
			);
			path = CartSet;
			sourceTree = "<group>";
		};
		DEE68AD327ED093E00BA6A55 /* Model */ = {
			isa = PBXGroup;
			children = (
				DEBF989627F67BE6004DAD4C /* Local */,
				DEE68AD427ED095200BA6A55 /* FireBase */,
			);
			path = Model;
			sourceTree = "<group>";
		};
		DEE68AD427ED095200BA6A55 /* FireBase */ = {
			isa = PBXGroup;
			children = (
				DEE68AD527ED096500BA6A55 /* APIManager.swift */,
				DEE68AD727ED09EC00BA6A55 /* Document.swift */,
			);
			path = FireBase;
			sourceTree = "<group>";
		};
/* End PBXGroup section */

/* Begin PBXNativeTarget section */
		DEA8FE9627EA6A0300084595 /* StoreApp */ = {
			isa = PBXNativeTarget;
			buildConfigurationList = DEA8FEAE27EA6A0400084595 /* Build configuration list for PBXNativeTarget "StoreApp" */;
			buildPhases = (
				26E955982C934C1C1CCCDF60 /* [CP] Check Pods Manifest.lock */,
				DEA8FE9327EA6A0300084595 /* Sources */,
				DEA8FE9427EA6A0300084595 /* Frameworks */,
				DEA8FE9527EA6A0300084595 /* Resources */,
				B18562BE63B8F162FAF64B2A /* [CP] Embed Pods Frameworks */,
			);
			buildRules = (
			);
			dependencies = (
			);
			name = StoreApp;
			productName = StoreApp;
			productReference = DEA8FE9727EA6A0300084595 /* StoreApp.app */;
			productType = "com.apple.product-type.application";
		};
/* End PBXNativeTarget section */

/* Begin PBXProject section */
		DEA8FE8F27EA6A0300084595 /* Project object */ = {
			isa = PBXProject;
			attributes = {
				BuildIndependentTargetsInParallel = 1;
				LastSwiftUpdateCheck = 1330;
				LastUpgradeCheck = 1330;
				TargetAttributes = {
					DEA8FE9627EA6A0300084595 = {
						CreatedOnToolsVersion = 13.3;
					};
				};
			};
			buildConfigurationList = DEA8FE9227EA6A0300084595 /* Build configuration list for PBXProject "StoreApp" */;
			compatibilityVersion = "Xcode 13.0";
			developmentRegion = en;
			hasScannedForEncodings = 0;
			knownRegions = (
				en,
				Base,
			);
			mainGroup = DEA8FE8E27EA6A0300084595;
			productRefGroup = DEA8FE9827EA6A0300084595 /* Products */;
			projectDirPath = "";
			projectRoot = "";
			targets = (
				DEA8FE9627EA6A0300084595 /* StoreApp */,
			);
		};
/* End PBXProject section */

/* Begin PBXResourcesBuildPhase section */
		DEA8FE9527EA6A0300084595 /* Resources */ = {
			isa = PBXResourcesBuildPhase;
			buildActionMask = 2147483647;
			files = (
				DEA8FEAA27EA6A0400084595 /* LaunchScreen.storyboard in Resources */,
				DE57F68727EA6B2C0025A472 /* GoogleService-Info.plist in Resources */,
				DEA8FEA727EA6A0400084595 /* Assets.xcassets in Resources */,
				DEA8FEA227EA6A0300084595 /* Main.storyboard in Resources */,
			);
			runOnlyForDeploymentPostprocessing = 0;
		};
/* End PBXResourcesBuildPhase section */

/* Begin PBXShellScriptBuildPhase section */
		26E955982C934C1C1CCCDF60 /* [CP] Check Pods Manifest.lock */ = {
			isa = PBXShellScriptBuildPhase;
			buildActionMask = 2147483647;
			files = (
			);
			inputFileListPaths = (
			);
			inputPaths = (
				"${PODS_PODFILE_DIR_PATH}/Podfile.lock",
				"${PODS_ROOT}/Manifest.lock",
			);
			name = "[CP] Check Pods Manifest.lock";
			outputFileListPaths = (
			);
			outputPaths = (
				"$(DERIVED_FILE_DIR)/Pods-StoreApp-checkManifestLockResult.txt",
			);
			runOnlyForDeploymentPostprocessing = 0;
			shellPath = /bin/sh;
			shellScript = "diff \"${PODS_PODFILE_DIR_PATH}/Podfile.lock\" \"${PODS_ROOT}/Manifest.lock\" > /dev/null\nif [ $? != 0 ] ; then\n    # print error to STDERR\n    echo \"error: The sandbox is not in sync with the Podfile.lock. Run 'pod install' or update your CocoaPods installation.\" >&2\n    exit 1\nfi\n# This output is used by Xcode 'outputs' to avoid re-running this script phase.\necho \"SUCCESS\" > \"${SCRIPT_OUTPUT_FILE_0}\"\n";
			showEnvVarsInLog = 0;
		};
		B18562BE63B8F162FAF64B2A /* [CP] Embed Pods Frameworks */ = {
			isa = PBXShellScriptBuildPhase;
			buildActionMask = 2147483647;
			files = (
			);
			inputFileListPaths = (
				"${PODS_ROOT}/Target Support Files/Pods-StoreApp/Pods-StoreApp-frameworks-${CONFIGURATION}-input-files.xcfilelist",
			);
			name = "[CP] Embed Pods Frameworks";
			outputFileListPaths = (
				"${PODS_ROOT}/Target Support Files/Pods-StoreApp/Pods-StoreApp-frameworks-${CONFIGURATION}-output-files.xcfilelist",
			);
			runOnlyForDeploymentPostprocessing = 0;
			shellPath = /bin/sh;
			shellScript = "\"${PODS_ROOT}/Target Support Files/Pods-StoreApp/Pods-StoreApp-frameworks.sh\"\n";
			showEnvVarsInLog = 0;
		};
/* End PBXShellScriptBuildPhase section */

/* Begin PBXSourcesBuildPhase section */
		DEA8FE9327EA6A0300084595 /* Sources */ = {
			isa = PBXSourcesBuildPhase;
			buildActionMask = 2147483647;
			files = (
				DEE68AD627ED096500BA6A55 /* APIManager.swift in Sources */,
				DEC7719A27F9E8B4006DB6D6 /* SettingsTableViewController.swift in Sources */,
				DEA8FE9B27EA6A0300084595 /* AppDelegate.swift in Sources */,
				DEC83E6E2804C5FE00ADE83C /* CartTableViewController.swift in Sources */,
				DEC7719C27F9EB0C006DB6D6 /* AuthorisationViewController.swift in Sources */,
				DE50B23927EBC0BD0072B3BC /* DetailViewController.swift in Sources */,
				DEC83E6728032C6500ADE83C /* UserInfoChangeViewController.swift in Sources */,
				DEA8FE9D27EA6A0300084595 /* SceneDelegate.swift in Sources */,
				DEC83E6C2804C5ED00ADE83C /* CartTableViewCell.swift in Sources */,
				DE8397DF27EFD7400064E2DF /* CoreData.swift in Sources */,
				DEBF989427F6761F004DAD4C /* StoreCollectionViewCell.swift in Sources */,
				DEC7719E27F9EB1B006DB6D6 /* WEBViewController.swift in Sources */,
				DEC7719827F9D3F4006DB6D6 /* CategoryVC.swift in Sources */,
				DE26705B27FB34DD0063A84D /* RegistrationViewController.swift in Sources */,
				DEE68ADA27ED0C6400BA6A55 /* AppSettings.swift in Sources */,
				DE2B526E27FC7745009F22AB /* Validator.swift in Sources */,
				DEE68AD227ECFD5F00BA6A55 /* StoreCollectionViewController.swift in Sources */,
				DEE68AD827ED09EC00BA6A55 /* Document.swift in Sources */,
				DEA8FEA527EA6A0300084595 /* StoreApp.xcdatamodeld in Sources */,
				DEC3F1D727F8C23900EE6572 /* CategoryTableViewCell.swift in Sources */,
			);
			runOnlyForDeploymentPostprocessing = 0;
		};
/* End PBXSourcesBuildPhase section */

/* Begin PBXVariantGroup section */
		DEA8FEA027EA6A0300084595 /* Main.storyboard */ = {
			isa = PBXVariantGroup;
			children = (
				DEA8FEA127EA6A0300084595 /* Base */,
			);
			name = Main.storyboard;
			sourceTree = "<group>";
		};
		DEA8FEA827EA6A0400084595 /* LaunchScreen.storyboard */ = {
			isa = PBXVariantGroup;
			children = (
				DEA8FEA927EA6A0400084595 /* Base */,
			);
			name = LaunchScreen.storyboard;
			sourceTree = "<group>";
		};
/* End PBXVariantGroup section */

/* Begin XCBuildConfiguration section */
		DEA8FEAC27EA6A0400084595 /* Debug */ = {
			isa = XCBuildConfiguration;
			buildSettings = {
				ALWAYS_SEARCH_USER_PATHS = NO;
				CLANG_ANALYZER_NONNULL = YES;
				CLANG_ANALYZER_NUMBER_OBJECT_CONVERSION = YES_AGGRESSIVE;
				CLANG_CXX_LANGUAGE_STANDARD = "gnu++17";
				CLANG_ENABLE_MODULES = YES;
				CLANG_ENABLE_OBJC_ARC = YES;
				CLANG_ENABLE_OBJC_WEAK = YES;
				CLANG_WARN_BLOCK_CAPTURE_AUTORELEASING = YES;
				CLANG_WARN_BOOL_CONVERSION = YES;
				CLANG_WARN_COMMA = YES;
				CLANG_WARN_CONSTANT_CONVERSION = YES;
				CLANG_WARN_DEPRECATED_OBJC_IMPLEMENTATIONS = YES;
				CLANG_WARN_DIRECT_OBJC_ISA_USAGE = YES_ERROR;
				CLANG_WARN_DOCUMENTATION_COMMENTS = YES;
				CLANG_WARN_EMPTY_BODY = YES;
				CLANG_WARN_ENUM_CONVERSION = YES;
				CLANG_WARN_INFINITE_RECURSION = YES;
				CLANG_WARN_INT_CONVERSION = YES;
				CLANG_WARN_NON_LITERAL_NULL_CONVERSION = YES;
				CLANG_WARN_OBJC_IMPLICIT_RETAIN_SELF = YES;
				CLANG_WARN_OBJC_LITERAL_CONVERSION = YES;
				CLANG_WARN_OBJC_ROOT_CLASS = YES_ERROR;
				CLANG_WARN_QUOTED_INCLUDE_IN_FRAMEWORK_HEADER = YES;
				CLANG_WARN_RANGE_LOOP_ANALYSIS = YES;
				CLANG_WARN_STRICT_PROTOTYPES = YES;
				CLANG_WARN_SUSPICIOUS_MOVE = YES;
				CLANG_WARN_UNGUARDED_AVAILABILITY = YES_AGGRESSIVE;
				CLANG_WARN_UNREACHABLE_CODE = YES;
				CLANG_WARN__DUPLICATE_METHOD_MATCH = YES;
				COPY_PHASE_STRIP = NO;
				DEBUG_INFORMATION_FORMAT = dwarf;
				ENABLE_STRICT_OBJC_MSGSEND = YES;
				ENABLE_TESTABILITY = YES;
				GCC_C_LANGUAGE_STANDARD = gnu11;
				GCC_DYNAMIC_NO_PIC = NO;
				GCC_NO_COMMON_BLOCKS = YES;
				GCC_OPTIMIZATION_LEVEL = 0;
				GCC_PREPROCESSOR_DEFINITIONS = (
					"DEBUG=1",
					"$(inherited)",
				);
				GCC_WARN_64_TO_32_BIT_CONVERSION = YES;
				GCC_WARN_ABOUT_RETURN_TYPE = YES_ERROR;
				GCC_WARN_UNDECLARED_SELECTOR = YES;
				GCC_WARN_UNINITIALIZED_AUTOS = YES_AGGRESSIVE;
				GCC_WARN_UNUSED_FUNCTION = YES;
				GCC_WARN_UNUSED_VARIABLE = YES;
				IPHONEOS_DEPLOYMENT_TARGET = 15.4;
				MTL_ENABLE_DEBUG_INFO = INCLUDE_SOURCE;
				MTL_FAST_MATH = YES;
				ONLY_ACTIVE_ARCH = YES;
				SDKROOT = iphoneos;
				SWIFT_ACTIVE_COMPILATION_CONDITIONS = DEBUG;
				SWIFT_OPTIMIZATION_LEVEL = "-Onone";
			};
			name = Debug;
		};
		DEA8FEAD27EA6A0400084595 /* Release */ = {
			isa = XCBuildConfiguration;
			buildSettings = {
				ALWAYS_SEARCH_USER_PATHS = NO;
				CLANG_ANALYZER_NONNULL = YES;
				CLANG_ANALYZER_NUMBER_OBJECT_CONVERSION = YES_AGGRESSIVE;
				CLANG_CXX_LANGUAGE_STANDARD = "gnu++17";
				CLANG_ENABLE_MODULES = YES;
				CLANG_ENABLE_OBJC_ARC = YES;
				CLANG_ENABLE_OBJC_WEAK = YES;
				CLANG_WARN_BLOCK_CAPTURE_AUTORELEASING = YES;
				CLANG_WARN_BOOL_CONVERSION = YES;
				CLANG_WARN_COMMA = YES;
				CLANG_WARN_CONSTANT_CONVERSION = YES;
				CLANG_WARN_DEPRECATED_OBJC_IMPLEMENTATIONS = YES;
				CLANG_WARN_DIRECT_OBJC_ISA_USAGE = YES_ERROR;
				CLANG_WARN_DOCUMENTATION_COMMENTS = YES;
				CLANG_WARN_EMPTY_BODY = YES;
				CLANG_WARN_ENUM_CONVERSION = YES;
				CLANG_WARN_INFINITE_RECURSION = YES;
				CLANG_WARN_INT_CONVERSION = YES;
				CLANG_WARN_NON_LITERAL_NULL_CONVERSION = YES;
				CLANG_WARN_OBJC_IMPLICIT_RETAIN_SELF = YES;
				CLANG_WARN_OBJC_LITERAL_CONVERSION = YES;
				CLANG_WARN_OBJC_ROOT_CLASS = YES_ERROR;
				CLANG_WARN_QUOTED_INCLUDE_IN_FRAMEWORK_HEADER = YES;
				CLANG_WARN_RANGE_LOOP_ANALYSIS = YES;
				CLANG_WARN_STRICT_PROTOTYPES = YES;
				CLANG_WARN_SUSPICIOUS_MOVE = YES;
				CLANG_WARN_UNGUARDED_AVAILABILITY = YES_AGGRESSIVE;
				CLANG_WARN_UNREACHABLE_CODE = YES;
				CLANG_WARN__DUPLICATE_METHOD_MATCH = YES;
				COPY_PHASE_STRIP = NO;
				DEBUG_INFORMATION_FORMAT = "dwarf-with-dsym";
				ENABLE_NS_ASSERTIONS = NO;
				ENABLE_STRICT_OBJC_MSGSEND = YES;
				GCC_C_LANGUAGE_STANDARD = gnu11;
				GCC_NO_COMMON_BLOCKS = YES;
				GCC_WARN_64_TO_32_BIT_CONVERSION = YES;
				GCC_WARN_ABOUT_RETURN_TYPE = YES_ERROR;
				GCC_WARN_UNDECLARED_SELECTOR = YES;
				GCC_WARN_UNINITIALIZED_AUTOS = YES_AGGRESSIVE;
				GCC_WARN_UNUSED_FUNCTION = YES;
				GCC_WARN_UNUSED_VARIABLE = YES;
				IPHONEOS_DEPLOYMENT_TARGET = 15.4;
				MTL_ENABLE_DEBUG_INFO = NO;
				MTL_FAST_MATH = YES;
				SDKROOT = iphoneos;
				SWIFT_COMPILATION_MODE = wholemodule;
				SWIFT_OPTIMIZATION_LEVEL = "-O";
				VALIDATE_PRODUCT = YES;
			};
			name = Release;
		};
		DEA8FEAF27EA6A0400084595 /* Debug */ = {
			isa = XCBuildConfiguration;
			baseConfigurationReference = 797B9853F2B09805D5F110A6 /* Pods-StoreApp.debug.xcconfig */;
			buildSettings = {
				ASSETCATALOG_COMPILER_APPICON_NAME = AppIcon;
				ASSETCATALOG_COMPILER_GLOBAL_ACCENT_COLOR_NAME = AccentColor;
				CODE_SIGN_STYLE = Automatic;
				CURRENT_PROJECT_VERSION = 1;
				GENERATE_INFOPLIST_FILE = YES;
				INFOPLIST_FILE = StoreApp/Info.plist;
				INFOPLIST_KEY_UIApplicationSupportsIndirectInputEvents = YES;
				INFOPLIST_KEY_UILaunchStoryboardName = LaunchScreen;
				INFOPLIST_KEY_UIMainStoryboardFile = Main;
				INFOPLIST_KEY_UISupportedInterfaceOrientations_iPad = "UIInterfaceOrientationPortrait UIInterfaceOrientationPortraitUpsideDown UIInterfaceOrientationLandscapeLeft UIInterfaceOrientationLandscapeRight";
				INFOPLIST_KEY_UISupportedInterfaceOrientations_iPhone = "UIInterfaceOrientationPortrait UIInterfaceOrientationLandscapeLeft UIInterfaceOrientationLandscapeRight";
				LD_RUNPATH_SEARCH_PATHS = (
					"$(inherited)",
					"@executable_path/Frameworks",
				);
				MARKETING_VERSION = 1.0;
				PRODUCT_BUNDLE_IDENTIFIER = "-.StoreApp";
				PRODUCT_NAME = "$(TARGET_NAME)";
				SWIFT_EMIT_LOC_STRINGS = YES;
				SWIFT_VERSION = 5.0;
				TARGETED_DEVICE_FAMILY = "1,2";
			};
			name = Debug;
		};
		DEA8FEB027EA6A0400084595 /* Release */ = {
			isa = XCBuildConfiguration;
			baseConfigurationReference = 1E463D655AC7F74C63862EA3 /* Pods-StoreApp.release.xcconfig */;
			buildSettings = {
				ASSETCATALOG_COMPILER_APPICON_NAME = AppIcon;
				ASSETCATALOG_COMPILER_GLOBAL_ACCENT_COLOR_NAME = AccentColor;
				CODE_SIGN_STYLE = Automatic;
				CURRENT_PROJECT_VERSION = 1;
				GENERATE_INFOPLIST_FILE = YES;
				INFOPLIST_FILE = StoreApp/Info.plist;
				INFOPLIST_KEY_UIApplicationSupportsIndirectInputEvents = YES;
				INFOPLIST_KEY_UILaunchStoryboardName = LaunchScreen;
				INFOPLIST_KEY_UIMainStoryboardFile = Main;
				INFOPLIST_KEY_UISupportedInterfaceOrientations_iPad = "UIInterfaceOrientationPortrait UIInterfaceOrientationPortraitUpsideDown UIInterfaceOrientationLandscapeLeft UIInterfaceOrientationLandscapeRight";
				INFOPLIST_KEY_UISupportedInterfaceOrientations_iPhone = "UIInterfaceOrientationPortrait UIInterfaceOrientationLandscapeLeft UIInterfaceOrientationLandscapeRight";
				LD_RUNPATH_SEARCH_PATHS = (
					"$(inherited)",
					"@executable_path/Frameworks",
				);
				MARKETING_VERSION = 1.0;
				PRODUCT_BUNDLE_IDENTIFIER = "-.StoreApp";
				PRODUCT_NAME = "$(TARGET_NAME)";
				SWIFT_EMIT_LOC_STRINGS = YES;
				SWIFT_VERSION = 5.0;
				TARGETED_DEVICE_FAMILY = "1,2";
			};
			name = Release;
		};
/* End XCBuildConfiguration section */

/* Begin XCConfigurationList section */
		DEA8FE9227EA6A0300084595 /* Build configuration list for PBXProject "StoreApp" */ = {
			isa = XCConfigurationList;
			buildConfigurations = (
				DEA8FEAC27EA6A0400084595 /* Debug */,
				DEA8FEAD27EA6A0400084595 /* Release */,
			);
			defaultConfigurationIsVisible = 0;
			defaultConfigurationName = Release;
		};
		DEA8FEAE27EA6A0400084595 /* Build configuration list for PBXNativeTarget "StoreApp" */ = {
			isa = XCConfigurationList;
			buildConfigurations = (
				DEA8FEAF27EA6A0400084595 /* Debug */,
				DEA8FEB027EA6A0400084595 /* Release */,
			);
			defaultConfigurationIsVisible = 0;
			defaultConfigurationName = Release;
		};
/* End XCConfigurationList section */

/* Begin XCVersionGroup section */
		DEA8FEA327EA6A0300084595 /* StoreApp.xcdatamodeld */ = {
			isa = XCVersionGroup;
			children = (
				DEA8FEA427EA6A0300084595 /* StoreApp.xcdatamodel */,
			);
			currentVersion = DEA8FEA427EA6A0300084595 /* StoreApp.xcdatamodel */;
			path = StoreApp.xcdatamodeld;
			sourceTree = "<group>";
			versionGroupType = wrapper.xcdatamodel;
		};
/* End XCVersionGroup section */
	};
	rootObject = DEA8FE8F27EA6A0300084595 /* Project object */;
}
